// !$*UTF8*$!
{
	archiveVersion = 1;
	classes = {
	};
	objectVersion = 51;
	objects = {

/* Begin PBXBuildFile section */
		2EA3AE164D81D470CCD9CCCC /* Pods_ChallengeAccepted.framework in Frameworks */ = {isa = PBXBuildFile; fileRef = D08D2151DE77EF09A1E9C495 /* Pods_ChallengeAccepted.framework */; };
		3BB54701261E6ED900C00816 /* SignUpViewController.swift in Sources */ = {isa = PBXBuildFile; fileRef = 3BB54700261E6ED900C00816 /* SignUpViewController.swift */; };
		56A0597B262672AF00902224 /* SelectWorkoutViewController.swift in Sources */ = {isa = PBXBuildFile; fileRef = 56A0597A262672AF00902224 /* SelectWorkoutViewController.swift */; };
		56A05983262678BC00902224 /* SelectWorkoutCollectionViewCell.swift in Sources */ = {isa = PBXBuildFile; fileRef = 56A05982262678BB00902224 /* SelectWorkoutCollectionViewCell.swift */; };
		8334037C2605766B00172A91 /* WorkoutCell.swift in Sources */ = {isa = PBXBuildFile; fileRef = 8334037B2605766B00172A91 /* WorkoutCell.swift */; };
		833403AB26058BD100172A91 /* SampleCode.xcconfig in Resources */ = {isa = PBXBuildFile; fileRef = 8334038A26058BD100172A91 /* SampleCode.xcconfig */; };
		833403AC26058BD100172A91 /* PoseNetVisualization.png in Resources */ = {isa = PBXBuildFile; fileRef = 8334038C26058BD100172A91 /* PoseNetVisualization.png */; };
		833403AD26058BD100172A91 /* PoseNetPipeline.png in Resources */ = {isa = PBXBuildFile; fileRef = 8334038D26058BD100172A91 /* PoseNetPipeline.png */; };
		833403AE26058BD100172A91 /* ACKNOWLEDGMENTS.txt in Resources */ = {isa = PBXBuildFile; fileRef = 8334038F26058BD100172A91 /* ACKNOWLEDGMENTS.txt */; };
		833403AF26058BD100172A91 /* LICENSE.txt in Resources */ = {isa = PBXBuildFile; fileRef = 8334039026058BD100172A91 /* LICENSE.txt */; };
		833403B026058BD100172A91 /* README.md in Resources */ = {isa = PBXBuildFile; fileRef = 8334039126058BD100172A91 /* README.md */; };
		833403B126058BD100172A91 /* .gitignore in Resources */ = {isa = PBXBuildFile; fileRef = 8334039226058BD100172A91 /* .gitignore */; };
		833403B226058BD100172A91 /* PoseImageView.swift in Sources */ = {isa = PBXBuildFile; fileRef = 8334039526058BD100172A91 /* PoseImageView.swift */; };
		833403B326058BD100172A91 /* ConfigurationViewController.swift in Sources */ = {isa = PBXBuildFile; fileRef = 8334039626058BD100172A91 /* ConfigurationViewController.swift */; };
		833403B426058BD100172A91 /* PopOverModalViewController.swift in Sources */ = {isa = PBXBuildFile; fileRef = 8334039726058BD100172A91 /* PopOverModalViewController.swift */; };
		833403B526058BD100172A91 /* GradientOverlayView.swift in Sources */ = {isa = PBXBuildFile; fileRef = 8334039826058BD100172A91 /* GradientOverlayView.swift */; };
		833403B626058BD100172A91 /* CGPoint+Extension.swift in Sources */ = {isa = PBXBuildFile; fileRef = 8334039A26058BD100172A91 /* CGPoint+Extension.swift */; };
		833403B726058BD100172A91 /* CGImage+Extension.swift in Sources */ = {isa = PBXBuildFile; fileRef = 8334039B26058BD100172A91 /* CGImage+Extension.swift */; };
		833403B826058BD100172A91 /* AVCaptureVideoOrientation+Extension.swift in Sources */ = {isa = PBXBuildFile; fileRef = 8334039D26058BD100172A91 /* AVCaptureVideoOrientation+Extension.swift */; };
		833403B926058BD100172A91 /* VideoCapture.swift in Sources */ = {isa = PBXBuildFile; fileRef = 8334039E26058BD100172A91 /* VideoCapture.swift */; };
		833403BA26058BD100172A91 /* Joint.swift in Sources */ = {isa = PBXBuildFile; fileRef = 833403A026058BD100172A91 /* Joint.swift */; };
		833403BB26058BD100172A91 /* PoseBuilder+Multiple.swift in Sources */ = {isa = PBXBuildFile; fileRef = 833403A126058BD100172A91 /* PoseBuilder+Multiple.swift */; };
		833403BC26058BD100172A91 /* PoseBuilder+Single.swift in Sources */ = {isa = PBXBuildFile; fileRef = 833403A226058BD100172A91 /* PoseBuilder+Single.swift */; };
		833403BD26058BD100172A91 /* Pose.swift in Sources */ = {isa = PBXBuildFile; fileRef = 833403A326058BD100172A91 /* Pose.swift */; };
		833403BE26058BD100172A91 /* PoseBuilder.swift in Sources */ = {isa = PBXBuildFile; fileRef = 833403A426058BD100172A91 /* PoseBuilder.swift */; };
		833403BF26058BD100172A91 /* PoseBuilderConfiguration.swift in Sources */ = {isa = PBXBuildFile; fileRef = 833403A526058BD100172A91 /* PoseBuilderConfiguration.swift */; };
		833403C026058BD100172A91 /* PoseNetOutput.swift in Sources */ = {isa = PBXBuildFile; fileRef = 833403A726058BD100172A91 /* PoseNetOutput.swift */; };
		833403C126058BD100172A91 /* PoseNet.swift in Sources */ = {isa = PBXBuildFile; fileRef = 833403A826058BD100172A91 /* PoseNet.swift */; };
		833403C226058BD100172A91 /* PoseNetInput.swift in Sources */ = {isa = PBXBuildFile; fileRef = 833403A926058BD100172A91 /* PoseNetInput.swift */; };
		833403C326058BD100172A91 /* PoseNetMobileNet075S16FP16.mlmodel in Sources */ = {isa = PBXBuildFile; fileRef = 833403AA26058BD100172A91 /* PoseNetMobileNet075S16FP16.mlmodel */; };
		833403C82605956800172A91 /* ChallengeViewController.swift in Sources */ = {isa = PBXBuildFile; fileRef = 833403C72605956800172A91 /* ChallengeViewController.swift */; };
		833403D02605CBA100172A91 /* SoloWorkoutViewController.swift in Sources */ = {isa = PBXBuildFile; fileRef = 833403CF2605CBA100172A91 /* SoloWorkoutViewController.swift */; };
		833816A92622674100823F0B /* Rep60sViewController.swift in Sources */ = {isa = PBXBuildFile; fileRef = 833816A82622674100823F0B /* Rep60sViewController.swift */; };
		833816AE2622678E00823F0B /* Rep100ViewController.swift in Sources */ = {isa = PBXBuildFile; fileRef = 833816AD2622678E00823F0B /* Rep100ViewController.swift */; };
		8339DF1026224DBF004866B2 /* ModeViewController.swift in Sources */ = {isa = PBXBuildFile; fileRef = 8339DF0F26224DBF004866B2 /* ModeViewController.swift */; };
		83E59D33260515DA00A5ACAD /* AppDelegate.swift in Sources */ = {isa = PBXBuildFile; fileRef = 83E59D32260515DA00A5ACAD /* AppDelegate.swift */; };
		83E59D35260515DA00A5ACAD /* SceneDelegate.swift in Sources */ = {isa = PBXBuildFile; fileRef = 83E59D34260515DA00A5ACAD /* SceneDelegate.swift */; };
		83E59D3A260515DA00A5ACAD /* Main.storyboard in Resources */ = {isa = PBXBuildFile; fileRef = 83E59D38260515DA00A5ACAD /* Main.storyboard */; };
		83E59D3C260515E000A5ACAD /* Assets.xcassets in Resources */ = {isa = PBXBuildFile; fileRef = 83E59D3B260515E000A5ACAD /* Assets.xcassets */; };
		83E59D3F260515E000A5ACAD /* LaunchScreen.storyboard in Resources */ = {isa = PBXBuildFile; fileRef = 83E59D3D260515E000A5ACAD /* LaunchScreen.storyboard */; };
		83E59D4A260515E100A5ACAD /* ChallengeAcceptedTests.swift in Sources */ = {isa = PBXBuildFile; fileRef = 83E59D49260515E100A5ACAD /* ChallengeAcceptedTests.swift */; };
		83E59D55260515E100A5ACAD /* ChallengeAcceptedUITests.swift in Sources */ = {isa = PBXBuildFile; fileRef = 83E59D54260515E100A5ACAD /* ChallengeAcceptedUITests.swift */; };
		83E59D8C2605354D00A5ACAD /* LoginViewController.swift in Sources */ = {isa = PBXBuildFile; fileRef = 83E59D8B2605354D00A5ACAD /* LoginViewController.swift */; };
		83E59D91260545C700A5ACAD /* HomeViewController.swift in Sources */ = {isa = PBXBuildFile; fileRef = 83E59D90260545C700A5ACAD /* HomeViewController.swift */; };
		83E59D9626054CB800A5ACAD /* ChatCell.swift in Sources */ = {isa = PBXBuildFile; fileRef = 83E59D9526054CB800A5ACAD /* ChatCell.swift */; };
		83E59DA526056DF000A5ACAD /* WorkoutViewController.swift in Sources */ = {isa = PBXBuildFile; fileRef = 83E59DA426056DF000A5ACAD /* WorkoutViewController.swift */; };
		9F194CBD114992EE2D3DEC00 /* Pods_ChallengeAcceptedTests.framework in Frameworks */ = {isa = PBXBuildFile; fileRef = E0B56BE1EC462FB363EF7BED /* Pods_ChallengeAcceptedTests.framework */; };
		A5417C62956974F67E94A37F /* Pods_ChallengeAccepted_ChallengeAcceptedUITests.framework in Frameworks */ = {isa = PBXBuildFile; fileRef = F2F5266E247356E881A91A62 /* Pods_ChallengeAccepted_ChallengeAcceptedUITests.framework */; };
/* End PBXBuildFile section */

/* Begin PBXContainerItemProxy section */
		83E59D46260515E100A5ACAD /* PBXContainerItemProxy */ = {
			isa = PBXContainerItemProxy;
			containerPortal = 83E59D27260515DA00A5ACAD /* Project object */;
			proxyType = 1;
			remoteGlobalIDString = 83E59D2E260515DA00A5ACAD;
			remoteInfo = ChallengeAccepted;
		};
		83E59D51260515E100A5ACAD /* PBXContainerItemProxy */ = {
			isa = PBXContainerItemProxy;
			containerPortal = 83E59D27260515DA00A5ACAD /* Project object */;
			proxyType = 1;
			remoteGlobalIDString = 83E59D2E260515DA00A5ACAD;
			remoteInfo = ChallengeAccepted;
		};
/* End PBXContainerItemProxy section */

/* Begin PBXFileReference section */
		164F7AD109B46B566BDA71FD /* Pods-ChallengeAcceptedTests.release.xcconfig */ = {isa = PBXFileReference; includeInIndex = 1; lastKnownFileType = text.xcconfig; name = "Pods-ChallengeAcceptedTests.release.xcconfig"; path = "Target Support Files/Pods-ChallengeAcceptedTests/Pods-ChallengeAcceptedTests.release.xcconfig"; sourceTree = "<group>"; };
		3BB54700261E6ED900C00816 /* SignUpViewController.swift */ = {isa = PBXFileReference; lastKnownFileType = sourcecode.swift; path = SignUpViewController.swift; sourceTree = "<group>"; };
		4D22E47235D4BAE6F9FEFFB0 /* Pods-ChallengeAccepted.debug.xcconfig */ = {isa = PBXFileReference; includeInIndex = 1; lastKnownFileType = text.xcconfig; name = "Pods-ChallengeAccepted.debug.xcconfig"; path = "Target Support Files/Pods-ChallengeAccepted/Pods-ChallengeAccepted.debug.xcconfig"; sourceTree = "<group>"; };
		56A0597A262672AF00902224 /* SelectWorkoutViewController.swift */ = {isa = PBXFileReference; lastKnownFileType = sourcecode.swift; path = SelectWorkoutViewController.swift; sourceTree = "<group>"; };
		56A05982262678BB00902224 /* SelectWorkoutCollectionViewCell.swift */ = {isa = PBXFileReference; lastKnownFileType = sourcecode.swift; path = SelectWorkoutCollectionViewCell.swift; sourceTree = "<group>"; };
		81A62B8C7444B02575FDE1ED /* Pods-ChallengeAccepted.release.xcconfig */ = {isa = PBXFileReference; includeInIndex = 1; lastKnownFileType = text.xcconfig; name = "Pods-ChallengeAccepted.release.xcconfig"; path = "Target Support Files/Pods-ChallengeAccepted/Pods-ChallengeAccepted.release.xcconfig"; sourceTree = "<group>"; };
		8334037B2605766B00172A91 /* WorkoutCell.swift */ = {isa = PBXFileReference; lastKnownFileType = sourcecode.swift; path = WorkoutCell.swift; sourceTree = "<group>"; };
		8334038A26058BD100172A91 /* SampleCode.xcconfig */ = {isa = PBXFileReference; fileEncoding = 4; lastKnownFileType = text.xcconfig; path = SampleCode.xcconfig; sourceTree = "<group>"; };
		8334038C26058BD100172A91 /* PoseNetVisualization.png */ = {isa = PBXFileReference; lastKnownFileType = image.png; path = PoseNetVisualization.png; sourceTree = "<group>"; };
		8334038D26058BD100172A91 /* PoseNetPipeline.png */ = {isa = PBXFileReference; lastKnownFileType = image.png; path = PoseNetPipeline.png; sourceTree = "<group>"; };
		8334038F26058BD100172A91 /* ACKNOWLEDGMENTS.txt */ = {isa = PBXFileReference; fileEncoding = 4; lastKnownFileType = text; path = ACKNOWLEDGMENTS.txt; sourceTree = "<group>"; };
		8334039026058BD100172A91 /* LICENSE.txt */ = {isa = PBXFileReference; fileEncoding = 4; lastKnownFileType = text; path = LICENSE.txt; sourceTree = "<group>"; };
		8334039126058BD100172A91 /* README.md */ = {isa = PBXFileReference; fileEncoding = 4; lastKnownFileType = net.daringfireball.markdown; path = README.md; sourceTree = "<group>"; };
		8334039226058BD100172A91 /* .gitignore */ = {isa = PBXFileReference; fileEncoding = 4; lastKnownFileType = text; path = .gitignore; sourceTree = "<group>"; };
		8334039526058BD100172A91 /* PoseImageView.swift */ = {isa = PBXFileReference; fileEncoding = 4; lastKnownFileType = sourcecode.swift; path = PoseImageView.swift; sourceTree = "<group>"; };
		8334039626058BD100172A91 /* ConfigurationViewController.swift */ = {isa = PBXFileReference; fileEncoding = 4; lastKnownFileType = sourcecode.swift; path = ConfigurationViewController.swift; sourceTree = "<group>"; };
		8334039726058BD100172A91 /* PopOverModalViewController.swift */ = {isa = PBXFileReference; fileEncoding = 4; lastKnownFileType = sourcecode.swift; path = PopOverModalViewController.swift; sourceTree = "<group>"; };
		8334039826058BD100172A91 /* GradientOverlayView.swift */ = {isa = PBXFileReference; fileEncoding = 4; lastKnownFileType = sourcecode.swift; path = GradientOverlayView.swift; sourceTree = "<group>"; };
		8334039A26058BD100172A91 /* CGPoint+Extension.swift */ = {isa = PBXFileReference; fileEncoding = 4; lastKnownFileType = sourcecode.swift; path = "CGPoint+Extension.swift"; sourceTree = "<group>"; };
		8334039B26058BD100172A91 /* CGImage+Extension.swift */ = {isa = PBXFileReference; fileEncoding = 4; lastKnownFileType = sourcecode.swift; path = "CGImage+Extension.swift"; sourceTree = "<group>"; };
		8334039D26058BD100172A91 /* AVCaptureVideoOrientation+Extension.swift */ = {isa = PBXFileReference; fileEncoding = 4; lastKnownFileType = sourcecode.swift; path = "AVCaptureVideoOrientation+Extension.swift"; sourceTree = "<group>"; };
		8334039E26058BD100172A91 /* VideoCapture.swift */ = {isa = PBXFileReference; fileEncoding = 4; lastKnownFileType = sourcecode.swift; path = VideoCapture.swift; sourceTree = "<group>"; };
		833403A026058BD100172A91 /* Joint.swift */ = {isa = PBXFileReference; fileEncoding = 4; lastKnownFileType = sourcecode.swift; path = Joint.swift; sourceTree = "<group>"; };
		833403A126058BD100172A91 /* PoseBuilder+Multiple.swift */ = {isa = PBXFileReference; fileEncoding = 4; lastKnownFileType = sourcecode.swift; path = "PoseBuilder+Multiple.swift"; sourceTree = "<group>"; };
		833403A226058BD100172A91 /* PoseBuilder+Single.swift */ = {isa = PBXFileReference; fileEncoding = 4; lastKnownFileType = sourcecode.swift; path = "PoseBuilder+Single.swift"; sourceTree = "<group>"; };
		833403A326058BD100172A91 /* Pose.swift */ = {isa = PBXFileReference; fileEncoding = 4; lastKnownFileType = sourcecode.swift; path = Pose.swift; sourceTree = "<group>"; };
		833403A426058BD100172A91 /* PoseBuilder.swift */ = {isa = PBXFileReference; fileEncoding = 4; lastKnownFileType = sourcecode.swift; path = PoseBuilder.swift; sourceTree = "<group>"; };
		833403A526058BD100172A91 /* PoseBuilderConfiguration.swift */ = {isa = PBXFileReference; fileEncoding = 4; lastKnownFileType = sourcecode.swift; path = PoseBuilderConfiguration.swift; sourceTree = "<group>"; };
		833403A726058BD100172A91 /* PoseNetOutput.swift */ = {isa = PBXFileReference; fileEncoding = 4; lastKnownFileType = sourcecode.swift; path = PoseNetOutput.swift; sourceTree = "<group>"; };
		833403A826058BD100172A91 /* PoseNet.swift */ = {isa = PBXFileReference; fileEncoding = 4; lastKnownFileType = sourcecode.swift; path = PoseNet.swift; sourceTree = "<group>"; };
		833403A926058BD100172A91 /* PoseNetInput.swift */ = {isa = PBXFileReference; fileEncoding = 4; lastKnownFileType = sourcecode.swift; path = PoseNetInput.swift; sourceTree = "<group>"; };
		833403AA26058BD100172A91 /* PoseNetMobileNet075S16FP16.mlmodel */ = {isa = PBXFileReference; lastKnownFileType = file.mlmodel; path = PoseNetMobileNet075S16FP16.mlmodel; sourceTree = "<group>"; };
		833403C72605956800172A91 /* ChallengeViewController.swift */ = {isa = PBXFileReference; lastKnownFileType = sourcecode.swift; path = ChallengeViewController.swift; sourceTree = "<group>"; };
		833403CF2605CBA100172A91 /* SoloWorkoutViewController.swift */ = {isa = PBXFileReference; lastKnownFileType = sourcecode.swift; path = SoloWorkoutViewController.swift; sourceTree = "<group>"; };
		833816A82622674100823F0B /* Rep60sViewController.swift */ = {isa = PBXFileReference; lastKnownFileType = sourcecode.swift; path = Rep60sViewController.swift; sourceTree = "<group>"; };
		833816AD2622678E00823F0B /* Rep100ViewController.swift */ = {isa = PBXFileReference; lastKnownFileType = sourcecode.swift; path = Rep100ViewController.swift; sourceTree = "<group>"; };
		8339DF0F26224DBF004866B2 /* ModeViewController.swift */ = {isa = PBXFileReference; lastKnownFileType = sourcecode.swift; path = ModeViewController.swift; sourceTree = "<group>"; };
		83E59D2F260515DA00A5ACAD /* ChallengeAccepted.app */ = {isa = PBXFileReference; explicitFileType = wrapper.application; includeInIndex = 0; path = ChallengeAccepted.app; sourceTree = BUILT_PRODUCTS_DIR; };
		83E59D32260515DA00A5ACAD /* AppDelegate.swift */ = {isa = PBXFileReference; lastKnownFileType = sourcecode.swift; path = AppDelegate.swift; sourceTree = "<group>"; };
		83E59D34260515DA00A5ACAD /* SceneDelegate.swift */ = {isa = PBXFileReference; lastKnownFileType = sourcecode.swift; path = SceneDelegate.swift; sourceTree = "<group>"; };
		83E59D39260515DA00A5ACAD /* Base */ = {isa = PBXFileReference; lastKnownFileType = file.storyboard; name = Base; path = Base.lproj/Main.storyboard; sourceTree = "<group>"; };
		83E59D3B260515E000A5ACAD /* Assets.xcassets */ = {isa = PBXFileReference; lastKnownFileType = folder.assetcatalog; path = Assets.xcassets; sourceTree = "<group>"; };
		83E59D3E260515E000A5ACAD /* Base */ = {isa = PBXFileReference; lastKnownFileType = file.storyboard; name = Base; path = Base.lproj/LaunchScreen.storyboard; sourceTree = "<group>"; };
		83E59D40260515E000A5ACAD /* Info.plist */ = {isa = PBXFileReference; lastKnownFileType = text.plist.xml; path = Info.plist; sourceTree = "<group>"; };
		83E59D45260515E100A5ACAD /* ChallengeAcceptedTests.xctest */ = {isa = PBXFileReference; explicitFileType = wrapper.cfbundle; includeInIndex = 0; path = ChallengeAcceptedTests.xctest; sourceTree = BUILT_PRODUCTS_DIR; };
		83E59D49260515E100A5ACAD /* ChallengeAcceptedTests.swift */ = {isa = PBXFileReference; lastKnownFileType = sourcecode.swift; path = ChallengeAcceptedTests.swift; sourceTree = "<group>"; };
		83E59D4B260515E100A5ACAD /* Info.plist */ = {isa = PBXFileReference; lastKnownFileType = text.plist.xml; path = Info.plist; sourceTree = "<group>"; };
		83E59D50260515E100A5ACAD /* ChallengeAcceptedUITests.xctest */ = {isa = PBXFileReference; explicitFileType = wrapper.cfbundle; includeInIndex = 0; path = ChallengeAcceptedUITests.xctest; sourceTree = BUILT_PRODUCTS_DIR; };
		83E59D54260515E100A5ACAD /* ChallengeAcceptedUITests.swift */ = {isa = PBXFileReference; lastKnownFileType = sourcecode.swift; path = ChallengeAcceptedUITests.swift; sourceTree = "<group>"; };
		83E59D56260515E100A5ACAD /* Info.plist */ = {isa = PBXFileReference; lastKnownFileType = text.plist.xml; path = Info.plist; sourceTree = "<group>"; };
		83E59D8B2605354D00A5ACAD /* LoginViewController.swift */ = {isa = PBXFileReference; lastKnownFileType = sourcecode.swift; path = LoginViewController.swift; sourceTree = "<group>"; };
		83E59D90260545C700A5ACAD /* HomeViewController.swift */ = {isa = PBXFileReference; lastKnownFileType = sourcecode.swift; path = HomeViewController.swift; sourceTree = "<group>"; };
		83E59D9526054CB800A5ACAD /* ChatCell.swift */ = {isa = PBXFileReference; lastKnownFileType = sourcecode.swift; path = ChatCell.swift; sourceTree = "<group>"; };
		83E59DA426056DF000A5ACAD /* WorkoutViewController.swift */ = {isa = PBXFileReference; lastKnownFileType = sourcecode.swift; path = WorkoutViewController.swift; sourceTree = "<group>"; };
		BAB3A94717C5CC980F6F4DF1 /* Pods-ChallengeAccepted-ChallengeAcceptedUITests.release.xcconfig */ = {isa = PBXFileReference; includeInIndex = 1; lastKnownFileType = text.xcconfig; name = "Pods-ChallengeAccepted-ChallengeAcceptedUITests.release.xcconfig"; path = "Target Support Files/Pods-ChallengeAccepted-ChallengeAcceptedUITests/Pods-ChallengeAccepted-ChallengeAcceptedUITests.release.xcconfig"; sourceTree = "<group>"; };
		BC9D38024F2BAA11EB6EEBB4 /* Pods-ChallengeAcceptedTests.debug.xcconfig */ = {isa = PBXFileReference; includeInIndex = 1; lastKnownFileType = text.xcconfig; name = "Pods-ChallengeAcceptedTests.debug.xcconfig"; path = "Target Support Files/Pods-ChallengeAcceptedTests/Pods-ChallengeAcceptedTests.debug.xcconfig"; sourceTree = "<group>"; };
		C146E112B83C3A8DA8BC725D /* Pods-ChallengeAccepted-ChallengeAcceptedUITests.debug.xcconfig */ = {isa = PBXFileReference; includeInIndex = 1; lastKnownFileType = text.xcconfig; name = "Pods-ChallengeAccepted-ChallengeAcceptedUITests.debug.xcconfig"; path = "Target Support Files/Pods-ChallengeAccepted-ChallengeAcceptedUITests/Pods-ChallengeAccepted-ChallengeAcceptedUITests.debug.xcconfig"; sourceTree = "<group>"; };
		D08D2151DE77EF09A1E9C495 /* Pods_ChallengeAccepted.framework */ = {isa = PBXFileReference; explicitFileType = wrapper.framework; includeInIndex = 0; path = Pods_ChallengeAccepted.framework; sourceTree = BUILT_PRODUCTS_DIR; };
		E0B56BE1EC462FB363EF7BED /* Pods_ChallengeAcceptedTests.framework */ = {isa = PBXFileReference; explicitFileType = wrapper.framework; includeInIndex = 0; path = Pods_ChallengeAcceptedTests.framework; sourceTree = BUILT_PRODUCTS_DIR; };
		F2F5266E247356E881A91A62 /* Pods_ChallengeAccepted_ChallengeAcceptedUITests.framework */ = {isa = PBXFileReference; explicitFileType = wrapper.framework; includeInIndex = 0; path = Pods_ChallengeAccepted_ChallengeAcceptedUITests.framework; sourceTree = BUILT_PRODUCTS_DIR; };
/* End PBXFileReference section */

/* Begin PBXFrameworksBuildPhase section */
		83E59D2C260515DA00A5ACAD /* Frameworks */ = {
			isa = PBXFrameworksBuildPhase;
			buildActionMask = 2147483647;
			files = (
				2EA3AE164D81D470CCD9CCCC /* Pods_ChallengeAccepted.framework in Frameworks */,
			);
			runOnlyForDeploymentPostprocessing = 0;
		};
		83E59D42260515E100A5ACAD /* Frameworks */ = {
			isa = PBXFrameworksBuildPhase;
			buildActionMask = 2147483647;
			files = (
				9F194CBD114992EE2D3DEC00 /* Pods_ChallengeAcceptedTests.framework in Frameworks */,
			);
			runOnlyForDeploymentPostprocessing = 0;
		};
		83E59D4D260515E100A5ACAD /* Frameworks */ = {
			isa = PBXFrameworksBuildPhase;
			buildActionMask = 2147483647;
			files = (
				A5417C62956974F67E94A37F /* Pods_ChallengeAccepted_ChallengeAcceptedUITests.framework in Frameworks */,
			);
			runOnlyForDeploymentPostprocessing = 0;
		};
/* End PBXFrameworksBuildPhase section */

/* Begin PBXGroup section */
		3C894521115EC7009716AC67 /* Pods */ = {
			isa = PBXGroup;
			children = (
				4D22E47235D4BAE6F9FEFFB0 /* Pods-ChallengeAccepted.debug.xcconfig */,
				81A62B8C7444B02575FDE1ED /* Pods-ChallengeAccepted.release.xcconfig */,
				C146E112B83C3A8DA8BC725D /* Pods-ChallengeAccepted-ChallengeAcceptedUITests.debug.xcconfig */,
				BAB3A94717C5CC980F6F4DF1 /* Pods-ChallengeAccepted-ChallengeAcceptedUITests.release.xcconfig */,
				BC9D38024F2BAA11EB6EEBB4 /* Pods-ChallengeAcceptedTests.debug.xcconfig */,
				164F7AD109B46B566BDA71FD /* Pods-ChallengeAcceptedTests.release.xcconfig */,
			);
			path = Pods;
			sourceTree = "<group>";
		};
		8334038826058BD100172A91 /* ApplePoseEstimationModel */ = {
			isa = PBXGroup;
			children = (
				8334038926058BD100172A91 /* Configuration */,
				8334038B26058BD100172A91 /* Documentation */,
				8334038E26058BD100172A91 /* LICENSE */,
				8334039126058BD100172A91 /* README.md */,
				8334039226058BD100172A91 /* .gitignore */,
				8334039326058BD100172A91 /* PoseFinder */,
			);
			path = ApplePoseEstimationModel;
			sourceTree = "<group>";
		};
		8334038926058BD100172A91 /* Configuration */ = {
			isa = PBXGroup;
			children = (
				8334038A26058BD100172A91 /* SampleCode.xcconfig */,
			);
			path = Configuration;
			sourceTree = "<group>";
		};
		8334038B26058BD100172A91 /* Documentation */ = {
			isa = PBXGroup;
			children = (
				8334038C26058BD100172A91 /* PoseNetVisualization.png */,
				8334038D26058BD100172A91 /* PoseNetPipeline.png */,
			);
			path = Documentation;
			sourceTree = "<group>";
		};
		8334038E26058BD100172A91 /* LICENSE */ = {
			isa = PBXGroup;
			children = (
				8334038F26058BD100172A91 /* ACKNOWLEDGMENTS.txt */,
				8334039026058BD100172A91 /* LICENSE.txt */,
			);
			path = LICENSE;
			sourceTree = "<group>";
		};
		8334039326058BD100172A91 /* PoseFinder */ = {
			isa = PBXGroup;
			children = (
				8334039426058BD100172A91 /* UI */,
				8334039926058BD100172A91 /* Extensions+Types */,
				8334039C26058BD100172A91 /* Utils */,
				8334039F26058BD100172A91 /* Pose */,
				833403A626058BD100172A91 /* Model */,
			);
			path = PoseFinder;
			sourceTree = "<group>";
		};
		8334039426058BD100172A91 /* UI */ = {
			isa = PBXGroup;
			children = (
				8334039526058BD100172A91 /* PoseImageView.swift */,
				8334039626058BD100172A91 /* ConfigurationViewController.swift */,
				8334039726058BD100172A91 /* PopOverModalViewController.swift */,
				8334039826058BD100172A91 /* GradientOverlayView.swift */,
			);
			path = UI;
			sourceTree = "<group>";
		};
		8334039926058BD100172A91 /* Extensions+Types */ = {
			isa = PBXGroup;
			children = (
				8334039A26058BD100172A91 /* CGPoint+Extension.swift */,
				8334039B26058BD100172A91 /* CGImage+Extension.swift */,
			);
			path = "Extensions+Types";
			sourceTree = "<group>";
		};
		8334039C26058BD100172A91 /* Utils */ = {
			isa = PBXGroup;
			children = (
				8334039D26058BD100172A91 /* AVCaptureVideoOrientation+Extension.swift */,
				8334039E26058BD100172A91 /* VideoCapture.swift */,
			);
			path = Utils;
			sourceTree = "<group>";
		};
		8334039F26058BD100172A91 /* Pose */ = {
			isa = PBXGroup;
			children = (
				833403A026058BD100172A91 /* Joint.swift */,
				833403A126058BD100172A91 /* PoseBuilder+Multiple.swift */,
				833403A226058BD100172A91 /* PoseBuilder+Single.swift */,
				833403A326058BD100172A91 /* Pose.swift */,
				833403A426058BD100172A91 /* PoseBuilder.swift */,
				833403A526058BD100172A91 /* PoseBuilderConfiguration.swift */,
			);
			path = Pose;
			sourceTree = "<group>";
		};
		833403A626058BD100172A91 /* Model */ = {
			isa = PBXGroup;
			children = (
				833403A726058BD100172A91 /* PoseNetOutput.swift */,
				833403A826058BD100172A91 /* PoseNet.swift */,
				833403A926058BD100172A91 /* PoseNetInput.swift */,
				833403AA26058BD100172A91 /* PoseNetMobileNet075S16FP16.mlmodel */,
			);
			path = Model;
			sourceTree = "<group>";
		};
		83E59D26260515DA00A5ACAD = {
			isa = PBXGroup;
			children = (
				83E59D31260515DA00A5ACAD /* ChallengeAccepted */,
				83E59D48260515E100A5ACAD /* ChallengeAcceptedTests */,
				83E59D53260515E100A5ACAD /* ChallengeAcceptedUITests */,
				83E59D30260515DA00A5ACAD /* Products */,
				3C894521115EC7009716AC67 /* Pods */,
				EE06311DF1B2100679E9DA91 /* Frameworks */,
			);
			sourceTree = "<group>";
		};
		83E59D30260515DA00A5ACAD /* Products */ = {
			isa = PBXGroup;
			children = (
				83E59D2F260515DA00A5ACAD /* ChallengeAccepted.app */,
				83E59D45260515E100A5ACAD /* ChallengeAcceptedTests.xctest */,
				83E59D50260515E100A5ACAD /* ChallengeAcceptedUITests.xctest */,
			);
			name = Products;
			sourceTree = "<group>";
		};
		83E59D31260515DA00A5ACAD /* ChallengeAccepted */ = {
			isa = PBXGroup;
			children = (
				83E59D8A2605352000A5ACAD /* Models */,
				83E59D892605351800A5ACAD /* Views */,
				83E59D882605350E00A5ACAD /* View Controllers */,
				83E59D32260515DA00A5ACAD /* AppDelegate.swift */,
				83E59D34260515DA00A5ACAD /* SceneDelegate.swift */,
				83E59D38260515DA00A5ACAD /* Main.storyboard */,
				56A0597A262672AF00902224 /* SelectWorkoutViewController.swift */,
				56A05982262678BB00902224 /* SelectWorkoutCollectionViewCell.swift */,
				83E59D3B260515E000A5ACAD /* Assets.xcassets */,
				83E59D3D260515E000A5ACAD /* LaunchScreen.storyboard */,
				83E59D40260515E000A5ACAD /* Info.plist */,
			);
			path = ChallengeAccepted;
			sourceTree = "<group>";
		};
		83E59D48260515E100A5ACAD /* ChallengeAcceptedTests */ = {
			isa = PBXGroup;
			children = (
				83E59D49260515E100A5ACAD /* ChallengeAcceptedTests.swift */,
				83E59D4B260515E100A5ACAD /* Info.plist */,
			);
			path = ChallengeAcceptedTests;
			sourceTree = "<group>";
		};
		83E59D53260515E100A5ACAD /* ChallengeAcceptedUITests */ = {
			isa = PBXGroup;
			children = (
				83E59D54260515E100A5ACAD /* ChallengeAcceptedUITests.swift */,
				83E59D56260515E100A5ACAD /* Info.plist */,
			);
			path = ChallengeAcceptedUITests;
			sourceTree = "<group>";
		};
		83E59D882605350E00A5ACAD /* View Controllers */ = {
			isa = PBXGroup;
			children = (
				83E59D8B2605354D00A5ACAD /* LoginViewController.swift */,
				3BB54700261E6ED900C00816 /* SignUpViewController.swift */,
				83E59D90260545C700A5ACAD /* HomeViewController.swift */,
				83E59DA426056DF000A5ACAD /* WorkoutViewController.swift */,
				833403C72605956800172A91 /* ChallengeViewController.swift */,
				833403CF2605CBA100172A91 /* SoloWorkoutViewController.swift */,
				8339DF0F26224DBF004866B2 /* ModeViewController.swift */,
				833816A82622674100823F0B /* Rep60sViewController.swift */,
				833816AD2622678E00823F0B /* Rep100ViewController.swift */,
			);
			path = "View Controllers";
			sourceTree = "<group>";
		};
		83E59D892605351800A5ACAD /* Views */ = {
			isa = PBXGroup;
			children = (
				83E59D9526054CB800A5ACAD /* ChatCell.swift */,
				8334037B2605766B00172A91 /* WorkoutCell.swift */,
			);
			path = Views;
			sourceTree = "<group>";
		};
		83E59D8A2605352000A5ACAD /* Models */ = {
			isa = PBXGroup;
			children = (
				8334038826058BD100172A91 /* ApplePoseEstimationModel */,
			);
			path = Models;
			sourceTree = "<group>";
		};
		EE06311DF1B2100679E9DA91 /* Frameworks */ = {
			isa = PBXGroup;
			children = (
				D08D2151DE77EF09A1E9C495 /* Pods_ChallengeAccepted.framework */,
				F2F5266E247356E881A91A62 /* Pods_ChallengeAccepted_ChallengeAcceptedUITests.framework */,
				E0B56BE1EC462FB363EF7BED /* Pods_ChallengeAcceptedTests.framework */,
			);
			name = Frameworks;
			sourceTree = "<group>";
		};
/* End PBXGroup section */

/* Begin PBXNativeTarget section */
		83E59D2E260515DA00A5ACAD /* ChallengeAccepted */ = {
			isa = PBXNativeTarget;
			buildConfigurationList = 83E59D59260515E100A5ACAD /* Build configuration list for PBXNativeTarget "ChallengeAccepted" */;
			buildPhases = (
				7629276CD295B3D4F38C2878 /* [CP] Check Pods Manifest.lock */,
				83E59D2B260515DA00A5ACAD /* Sources */,
				83E59D2C260515DA00A5ACAD /* Frameworks */,
				83E59D2D260515DA00A5ACAD /* Resources */,
				00D0F0906A4BCA7F5A41FAB4 /* [CP] Embed Pods Frameworks */,
			);
			buildRules = (
			);
			dependencies = (
			);
			name = ChallengeAccepted;
			productName = ChallengeAccepted;
			productReference = 83E59D2F260515DA00A5ACAD /* ChallengeAccepted.app */;
			productType = "com.apple.product-type.application";
		};
		83E59D44260515E100A5ACAD /* ChallengeAcceptedTests */ = {
			isa = PBXNativeTarget;
			buildConfigurationList = 83E59D5C260515E100A5ACAD /* Build configuration list for PBXNativeTarget "ChallengeAcceptedTests" */;
			buildPhases = (
				C78DA41580B4DA3947347E6A /* [CP] Check Pods Manifest.lock */,
				83E59D41260515E100A5ACAD /* Sources */,
				83E59D42260515E100A5ACAD /* Frameworks */,
				83E59D43260515E100A5ACAD /* Resources */,
			);
			buildRules = (
			);
			dependencies = (
				83E59D47260515E100A5ACAD /* PBXTargetDependency */,
			);
			name = ChallengeAcceptedTests;
			productName = ChallengeAcceptedTests;
			productReference = 83E59D45260515E100A5ACAD /* ChallengeAcceptedTests.xctest */;
			productType = "com.apple.product-type.bundle.unit-test";
		};
		83E59D4F260515E100A5ACAD /* ChallengeAcceptedUITests */ = {
			isa = PBXNativeTarget;
			buildConfigurationList = 83E59D5F260515E100A5ACAD /* Build configuration list for PBXNativeTarget "ChallengeAcceptedUITests" */;
			buildPhases = (
				5F051BD310882EAE232F2923 /* [CP] Check Pods Manifest.lock */,
				83E59D4C260515E100A5ACAD /* Sources */,
				83E59D4D260515E100A5ACAD /* Frameworks */,
				83E59D4E260515E100A5ACAD /* Resources */,
				1DABCAA5C021BB4B14FD3000 /* [CP] Embed Pods Frameworks */,
			);
			buildRules = (
			);
			dependencies = (
				83E59D52260515E100A5ACAD /* PBXTargetDependency */,
			);
			name = ChallengeAcceptedUITests;
			productName = ChallengeAcceptedUITests;
			productReference = 83E59D50260515E100A5ACAD /* ChallengeAcceptedUITests.xctest */;
			productType = "com.apple.product-type.bundle.ui-testing";
		};
/* End PBXNativeTarget section */

/* Begin PBXProject section */
		83E59D27260515DA00A5ACAD /* Project object */ = {
			isa = PBXProject;
			attributes = {
				LastSwiftUpdateCheck = 1240;
				LastUpgradeCheck = 1240;
				TargetAttributes = {
					83E59D2E260515DA00A5ACAD = {
						CreatedOnToolsVersion = 12.4;
					};
					83E59D44260515E100A5ACAD = {
						CreatedOnToolsVersion = 12.4;
						TestTargetID = 83E59D2E260515DA00A5ACAD;
					};
					83E59D4F260515E100A5ACAD = {
						CreatedOnToolsVersion = 12.4;
						TestTargetID = 83E59D2E260515DA00A5ACAD;
					};
				};
			};
			buildConfigurationList = 83E59D2A260515DA00A5ACAD /* Build configuration list for PBXProject "ChallengeAccepted" */;
			compatibilityVersion = "Xcode 9.3";
			developmentRegion = en;
			hasScannedForEncodings = 0;
			knownRegions = (
				en,
				Base,
			);
			mainGroup = 83E59D26260515DA00A5ACAD;
			productRefGroup = 83E59D30260515DA00A5ACAD /* Products */;
			projectDirPath = "";
			projectRoot = "";
			targets = (
				83E59D2E260515DA00A5ACAD /* ChallengeAccepted */,
				83E59D44260515E100A5ACAD /* ChallengeAcceptedTests */,
				83E59D4F260515E100A5ACAD /* ChallengeAcceptedUITests */,
			);
		};
/* End PBXProject section */

/* Begin PBXResourcesBuildPhase section */
		83E59D2D260515DA00A5ACAD /* Resources */ = {
			isa = PBXResourcesBuildPhase;
			buildActionMask = 2147483647;
			files = (
				833403B126058BD100172A91 /* .gitignore in Resources */,
				833403AC26058BD100172A91 /* PoseNetVisualization.png in Resources */,
				83E59D3F260515E000A5ACAD /* LaunchScreen.storyboard in Resources */,
				833403AE26058BD100172A91 /* ACKNOWLEDGMENTS.txt in Resources */,
				83E59D3C260515E000A5ACAD /* Assets.xcassets in Resources */,
				833403AF26058BD100172A91 /* LICENSE.txt in Resources */,
				83E59D3A260515DA00A5ACAD /* Main.storyboard in Resources */,
				833403B026058BD100172A91 /* README.md in Resources */,
				833403AD26058BD100172A91 /* PoseNetPipeline.png in Resources */,
				833403AB26058BD100172A91 /* SampleCode.xcconfig in Resources */,
			);
			runOnlyForDeploymentPostprocessing = 0;
		};
		83E59D43260515E100A5ACAD /* Resources */ = {
			isa = PBXResourcesBuildPhase;
			buildActionMask = 2147483647;
			files = (
			);
			runOnlyForDeploymentPostprocessing = 0;
		};
		83E59D4E260515E100A5ACAD /* Resources */ = {
			isa = PBXResourcesBuildPhase;
			buildActionMask = 2147483647;
			files = (
			);
			runOnlyForDeploymentPostprocessing = 0;
		};
/* End PBXResourcesBuildPhase section */

/* Begin PBXShellScriptBuildPhase section */
		00D0F0906A4BCA7F5A41FAB4 /* [CP] Embed Pods Frameworks */ = {
			isa = PBXShellScriptBuildPhase;
			buildActionMask = 2147483647;
			files = (
			);
			inputFileListPaths = (
				"${PODS_ROOT}/Target Support Files/Pods-ChallengeAccepted/Pods-ChallengeAccepted-frameworks-${CONFIGURATION}-input-files.xcfilelist",
			);
			name = "[CP] Embed Pods Frameworks";
			outputFileListPaths = (
				"${PODS_ROOT}/Target Support Files/Pods-ChallengeAccepted/Pods-ChallengeAccepted-frameworks-${CONFIGURATION}-output-files.xcfilelist",
			);
			runOnlyForDeploymentPostprocessing = 0;
			shellPath = /bin/sh;
			shellScript = "\"${PODS_ROOT}/Target Support Files/Pods-ChallengeAccepted/Pods-ChallengeAccepted-frameworks.sh\"\n";
			showEnvVarsInLog = 0;
		};
		1DABCAA5C021BB4B14FD3000 /* [CP] Embed Pods Frameworks */ = {
			isa = PBXShellScriptBuildPhase;
			buildActionMask = 2147483647;
			files = (
			);
			inputFileListPaths = (
				"${PODS_ROOT}/Target Support Files/Pods-ChallengeAccepted-ChallengeAcceptedUITests/Pods-ChallengeAccepted-ChallengeAcceptedUITests-frameworks-${CONFIGURATION}-input-files.xcfilelist",
			);
			name = "[CP] Embed Pods Frameworks";
			outputFileListPaths = (
				"${PODS_ROOT}/Target Support Files/Pods-ChallengeAccepted-ChallengeAcceptedUITests/Pods-ChallengeAccepted-ChallengeAcceptedUITests-frameworks-${CONFIGURATION}-output-files.xcfilelist",
			);
			runOnlyForDeploymentPostprocessing = 0;
			shellPath = /bin/sh;
			shellScript = "\"${PODS_ROOT}/Target Support Files/Pods-ChallengeAccepted-ChallengeAcceptedUITests/Pods-ChallengeAccepted-ChallengeAcceptedUITests-frameworks.sh\"\n";
			showEnvVarsInLog = 0;
		};
		5F051BD310882EAE232F2923 /* [CP] Check Pods Manifest.lock */ = {
			isa = PBXShellScriptBuildPhase;
			buildActionMask = 2147483647;
			files = (
			);
			inputFileListPaths = (
			);
			inputPaths = (
				"${PODS_PODFILE_DIR_PATH}/Podfile.lock",
				"${PODS_ROOT}/Manifest.lock",
			);
			name = "[CP] Check Pods Manifest.lock";
			outputFileListPaths = (
			);
			outputPaths = (
				"$(DERIVED_FILE_DIR)/Pods-ChallengeAccepted-ChallengeAcceptedUITests-checkManifestLockResult.txt",
			);
			runOnlyForDeploymentPostprocessing = 0;
			shellPath = /bin/sh;
			shellScript = "diff \"${PODS_PODFILE_DIR_PATH}/Podfile.lock\" \"${PODS_ROOT}/Manifest.lock\" > /dev/null\nif [ $? != 0 ] ; then\n    # print error to STDERR\n    echo \"error: The sandbox is not in sync with the Podfile.lock. Run 'pod install' or update your CocoaPods installation.\" >&2\n    exit 1\nfi\n# This output is used by Xcode 'outputs' to avoid re-running this script phase.\necho \"SUCCESS\" > \"${SCRIPT_OUTPUT_FILE_0}\"\n";
			showEnvVarsInLog = 0;
		};
		7629276CD295B3D4F38C2878 /* [CP] Check Pods Manifest.lock */ = {
			isa = PBXShellScriptBuildPhase;
			buildActionMask = 2147483647;
			files = (
			);
			inputFileListPaths = (
			);
			inputPaths = (
				"${PODS_PODFILE_DIR_PATH}/Podfile.lock",
				"${PODS_ROOT}/Manifest.lock",
			);
			name = "[CP] Check Pods Manifest.lock";
			outputFileListPaths = (
			);
			outputPaths = (
				"$(DERIVED_FILE_DIR)/Pods-ChallengeAccepted-checkManifestLockResult.txt",
			);
			runOnlyForDeploymentPostprocessing = 0;
			shellPath = /bin/sh;
			shellScript = "diff \"${PODS_PODFILE_DIR_PATH}/Podfile.lock\" \"${PODS_ROOT}/Manifest.lock\" > /dev/null\nif [ $? != 0 ] ; then\n    # print error to STDERR\n    echo \"error: The sandbox is not in sync with the Podfile.lock. Run 'pod install' or update your CocoaPods installation.\" >&2\n    exit 1\nfi\n# This output is used by Xcode 'outputs' to avoid re-running this script phase.\necho \"SUCCESS\" > \"${SCRIPT_OUTPUT_FILE_0}\"\n";
			showEnvVarsInLog = 0;
		};
		C78DA41580B4DA3947347E6A /* [CP] Check Pods Manifest.lock */ = {
			isa = PBXShellScriptBuildPhase;
			buildActionMask = 2147483647;
			files = (
			);
			inputFileListPaths = (
			);
			inputPaths = (
				"${PODS_PODFILE_DIR_PATH}/Podfile.lock",
				"${PODS_ROOT}/Manifest.lock",
			);
			name = "[CP] Check Pods Manifest.lock";
			outputFileListPaths = (
			);
			outputPaths = (
				"$(DERIVED_FILE_DIR)/Pods-ChallengeAcceptedTests-checkManifestLockResult.txt",
			);
			runOnlyForDeploymentPostprocessing = 0;
			shellPath = /bin/sh;
			shellScript = "diff \"${PODS_PODFILE_DIR_PATH}/Podfile.lock\" \"${PODS_ROOT}/Manifest.lock\" > /dev/null\nif [ $? != 0 ] ; then\n    # print error to STDERR\n    echo \"error: The sandbox is not in sync with the Podfile.lock. Run 'pod install' or update your CocoaPods installation.\" >&2\n    exit 1\nfi\n# This output is used by Xcode 'outputs' to avoid re-running this script phase.\necho \"SUCCESS\" > \"${SCRIPT_OUTPUT_FILE_0}\"\n";
			showEnvVarsInLog = 0;
		};
/* End PBXShellScriptBuildPhase section */

/* Begin PBXSourcesBuildPhase section */
		83E59D2B260515DA00A5ACAD /* Sources */ = {
			isa = PBXSourcesBuildPhase;
			buildActionMask = 2147483647;
			files = (
				56A0597B262672AF00902224 /* SelectWorkoutViewController.swift in Sources */,
				3BB54701261E6ED900C00816 /* SignUpViewController.swift in Sources */,
				83E59DA526056DF000A5ACAD /* WorkoutViewController.swift in Sources */,
				833403B926058BD100172A91 /* VideoCapture.swift in Sources */,
				833403BE26058BD100172A91 /* PoseBuilder.swift in Sources */,
				833403C226058BD100172A91 /* PoseNetInput.swift in Sources */,
				8334037C2605766B00172A91 /* WorkoutCell.swift in Sources */,
				833403B626058BD100172A91 /* CGPoint+Extension.swift in Sources */,
				56A05983262678BC00902224 /* SelectWorkoutCollectionViewCell.swift in Sources */,
				83E59D8C2605354D00A5ACAD /* LoginViewController.swift in Sources */,
				833403BF26058BD100172A91 /* PoseBuilderConfiguration.swift in Sources */,
				8339DF1026224DBF004866B2 /* ModeViewController.swift in Sources */,
				833403C126058BD100172A91 /* PoseNet.swift in Sources */,
				833403B226058BD100172A91 /* PoseImageView.swift in Sources */,
				833403BB26058BD100172A91 /* PoseBuilder+Multiple.swift in Sources */,
				833403B426058BD100172A91 /* PopOverModalViewController.swift in Sources */,
				833403B826058BD100172A91 /* AVCaptureVideoOrientation+Extension.swift in Sources */,
				833403C326058BD100172A91 /* PoseNetMobileNet075S16FP16.mlmodel in Sources */,
				83E59D33260515DA00A5ACAD /* AppDelegate.swift in Sources */,
				833403B326058BD100172A91 /* ConfigurationViewController.swift in Sources */,
				833403BA26058BD100172A91 /* Joint.swift in Sources */,
				833403BC26058BD100172A91 /* PoseBuilder+Single.swift in Sources */,
				833816AE2622678E00823F0B /* Rep100ViewController.swift in Sources */,
				83E59D35260515DA00A5ACAD /* SceneDelegate.swift in Sources */,
				83E59D9626054CB800A5ACAD /* ChatCell.swift in Sources */,
				833403D02605CBA100172A91 /* SoloWorkoutViewController.swift in Sources */,
				833403B726058BD100172A91 /* CGImage+Extension.swift in Sources */,
				833816A92622674100823F0B /* Rep60sViewController.swift in Sources */,
				833403BD26058BD100172A91 /* Pose.swift in Sources */,
				833403B526058BD100172A91 /* GradientOverlayView.swift in Sources */,
				83E59D91260545C700A5ACAD /* HomeViewController.swift in Sources */,
				833403C82605956800172A91 /* ChallengeViewController.swift in Sources */,
				833403C026058BD100172A91 /* PoseNetOutput.swift in Sources */,
			);
			runOnlyForDeploymentPostprocessing = 0;
		};
		83E59D41260515E100A5ACAD /* Sources */ = {
			isa = PBXSourcesBuildPhase;
			buildActionMask = 2147483647;
			files = (
				83E59D4A260515E100A5ACAD /* ChallengeAcceptedTests.swift in Sources */,
			);
			runOnlyForDeploymentPostprocessing = 0;
		};
		83E59D4C260515E100A5ACAD /* Sources */ = {
			isa = PBXSourcesBuildPhase;
			buildActionMask = 2147483647;
			files = (
				83E59D55260515E100A5ACAD /* ChallengeAcceptedUITests.swift in Sources */,
			);
			runOnlyForDeploymentPostprocessing = 0;
		};
/* End PBXSourcesBuildPhase section */

/* Begin PBXTargetDependency section */
		83E59D47260515E100A5ACAD /* PBXTargetDependency */ = {
			isa = PBXTargetDependency;
			target = 83E59D2E260515DA00A5ACAD /* ChallengeAccepted */;
			targetProxy = 83E59D46260515E100A5ACAD /* PBXContainerItemProxy */;
		};
		83E59D52260515E100A5ACAD /* PBXTargetDependency */ = {
			isa = PBXTargetDependency;
			target = 83E59D2E260515DA00A5ACAD /* ChallengeAccepted */;
			targetProxy = 83E59D51260515E100A5ACAD /* PBXContainerItemProxy */;
		};
/* End PBXTargetDependency section */

/* Begin PBXVariantGroup section */
		83E59D38260515DA00A5ACAD /* Main.storyboard */ = {
			isa = PBXVariantGroup;
			children = (
				83E59D39260515DA00A5ACAD /* Base */,
			);
			name = Main.storyboard;
			sourceTree = "<group>";
		};
		83E59D3D260515E000A5ACAD /* LaunchScreen.storyboard */ = {
			isa = PBXVariantGroup;
			children = (
				83E59D3E260515E000A5ACAD /* Base */,
			);
			name = LaunchScreen.storyboard;
			sourceTree = "<group>";
		};
/* End PBXVariantGroup section */

/* Begin XCBuildConfiguration section */
		83E59D57260515E100A5ACAD /* Debug */ = {
			isa = XCBuildConfiguration;
			buildSettings = {
				ALWAYS_SEARCH_USER_PATHS = NO;
				CLANG_ANALYZER_NONNULL = YES;
				CLANG_ANALYZER_NUMBER_OBJECT_CONVERSION = YES_AGGRESSIVE;
				CLANG_CXX_LANGUAGE_STANDARD = "gnu++14";
				CLANG_CXX_LIBRARY = "libc++";
				CLANG_ENABLE_MODULES = YES;
				CLANG_ENABLE_OBJC_ARC = YES;
				CLANG_ENABLE_OBJC_WEAK = YES;
				CLANG_WARN_BLOCK_CAPTURE_AUTORELEASING = YES;
				CLANG_WARN_BOOL_CONVERSION = YES;
				CLANG_WARN_COMMA = YES;
				CLANG_WARN_CONSTANT_CONVERSION = YES;
				CLANG_WARN_DEPRECATED_OBJC_IMPLEMENTATIONS = YES;
				CLANG_WARN_DIRECT_OBJC_ISA_USAGE = YES_ERROR;
				CLANG_WARN_DOCUMENTATION_COMMENTS = YES;
				CLANG_WARN_EMPTY_BODY = YES;
				CLANG_WARN_ENUM_CONVERSION = YES;
				CLANG_WARN_INFINITE_RECURSION = YES;
				CLANG_WARN_INT_CONVERSION = YES;
				CLANG_WARN_NON_LITERAL_NULL_CONVERSION = YES;
				CLANG_WARN_OBJC_IMPLICIT_RETAIN_SELF = YES;
				CLANG_WARN_OBJC_LITERAL_CONVERSION = YES;
				CLANG_WARN_OBJC_ROOT_CLASS = YES_ERROR;
				CLANG_WARN_QUOTED_INCLUDE_IN_FRAMEWORK_HEADER = YES;
				CLANG_WARN_RANGE_LOOP_ANALYSIS = YES;
				CLANG_WARN_STRICT_PROTOTYPES = YES;
				CLANG_WARN_SUSPICIOUS_MOVE = YES;
				CLANG_WARN_UNGUARDED_AVAILABILITY = YES_AGGRESSIVE;
				CLANG_WARN_UNREACHABLE_CODE = YES;
				CLANG_WARN__DUPLICATE_METHOD_MATCH = YES;
				COPY_PHASE_STRIP = NO;
				DEBUG_INFORMATION_FORMAT = dwarf;
				ENABLE_STRICT_OBJC_MSGSEND = YES;
				ENABLE_TESTABILITY = YES;
				GCC_C_LANGUAGE_STANDARD = gnu11;
				GCC_DYNAMIC_NO_PIC = NO;
				GCC_NO_COMMON_BLOCKS = YES;
				GCC_OPTIMIZATION_LEVEL = 0;
				GCC_PREPROCESSOR_DEFINITIONS = (
					"DEBUG=1",
					"$(inherited)",
				);
				GCC_WARN_64_TO_32_BIT_CONVERSION = YES;
				GCC_WARN_ABOUT_RETURN_TYPE = YES_ERROR;
				GCC_WARN_UNDECLARED_SELECTOR = YES;
				GCC_WARN_UNINITIALIZED_AUTOS = YES_AGGRESSIVE;
				GCC_WARN_UNUSED_FUNCTION = YES;
				GCC_WARN_UNUSED_VARIABLE = YES;
				IPHONEOS_DEPLOYMENT_TARGET = 14.4;
				MTL_ENABLE_DEBUG_INFO = INCLUDE_SOURCE;
				MTL_FAST_MATH = YES;
				ONLY_ACTIVE_ARCH = YES;
				SDKROOT = iphoneos;
				SWIFT_ACTIVE_COMPILATION_CONDITIONS = DEBUG;
				SWIFT_OPTIMIZATION_LEVEL = "-Onone";
			};
			name = Debug;
		};
		83E59D58260515E100A5ACAD /* Release */ = {
			isa = XCBuildConfiguration;
			buildSettings = {
				ALWAYS_SEARCH_USER_PATHS = NO;
				CLANG_ANALYZER_NONNULL = YES;
				CLANG_ANALYZER_NUMBER_OBJECT_CONVERSION = YES_AGGRESSIVE;
				CLANG_CXX_LANGUAGE_STANDARD = "gnu++14";
				CLANG_CXX_LIBRARY = "libc++";
				CLANG_ENABLE_MODULES = YES;
				CLANG_ENABLE_OBJC_ARC = YES;
				CLANG_ENABLE_OBJC_WEAK = YES;
				CLANG_WARN_BLOCK_CAPTURE_AUTORELEASING = YES;
				CLANG_WARN_BOOL_CONVERSION = YES;
				CLANG_WARN_COMMA = YES;
				CLANG_WARN_CONSTANT_CONVERSION = YES;
				CLANG_WARN_DEPRECATED_OBJC_IMPLEMENTATIONS = YES;
				CLANG_WARN_DIRECT_OBJC_ISA_USAGE = YES_ERROR;
				CLANG_WARN_DOCUMENTATION_COMMENTS = YES;
				CLANG_WARN_EMPTY_BODY = YES;
				CLANG_WARN_ENUM_CONVERSION = YES;
				CLANG_WARN_INFINITE_RECURSION = YES;
				CLANG_WARN_INT_CONVERSION = YES;
				CLANG_WARN_NON_LITERAL_NULL_CONVERSION = YES;
				CLANG_WARN_OBJC_IMPLICIT_RETAIN_SELF = YES;
				CLANG_WARN_OBJC_LITERAL_CONVERSION = YES;
				CLANG_WARN_OBJC_ROOT_CLASS = YES_ERROR;
				CLANG_WARN_QUOTED_INCLUDE_IN_FRAMEWORK_HEADER = YES;
				CLANG_WARN_RANGE_LOOP_ANALYSIS = YES;
				CLANG_WARN_STRICT_PROTOTYPES = YES;
				CLANG_WARN_SUSPICIOUS_MOVE = YES;
				CLANG_WARN_UNGUARDED_AVAILABILITY = YES_AGGRESSIVE;
				CLANG_WARN_UNREACHABLE_CODE = YES;
				CLANG_WARN__DUPLICATE_METHOD_MATCH = YES;
				COPY_PHASE_STRIP = NO;
				DEBUG_INFORMATION_FORMAT = "dwarf-with-dsym";
				ENABLE_NS_ASSERTIONS = NO;
				ENABLE_STRICT_OBJC_MSGSEND = YES;
				GCC_C_LANGUAGE_STANDARD = gnu11;
				GCC_NO_COMMON_BLOCKS = YES;
				GCC_WARN_64_TO_32_BIT_CONVERSION = YES;
				GCC_WARN_ABOUT_RETURN_TYPE = YES_ERROR;
				GCC_WARN_UNDECLARED_SELECTOR = YES;
				GCC_WARN_UNINITIALIZED_AUTOS = YES_AGGRESSIVE;
				GCC_WARN_UNUSED_FUNCTION = YES;
				GCC_WARN_UNUSED_VARIABLE = YES;
				IPHONEOS_DEPLOYMENT_TARGET = 14.4;
				MTL_ENABLE_DEBUG_INFO = NO;
				MTL_FAST_MATH = YES;
				SDKROOT = iphoneos;
				SWIFT_COMPILATION_MODE = wholemodule;
				SWIFT_OPTIMIZATION_LEVEL = "-O";
				VALIDATE_PRODUCT = YES;
			};
			name = Release;
		};
		83E59D5A260515E100A5ACAD /* Debug */ = {
			isa = XCBuildConfiguration;
			baseConfigurationReference = 4D22E47235D4BAE6F9FEFFB0 /* Pods-ChallengeAccepted.debug.xcconfig */;
			buildSettings = {
				ASSETCATALOG_COMPILER_APPICON_NAME = AppIcon;
				ASSETCATALOG_COMPILER_GLOBAL_ACCENT_COLOR_NAME = AccentColor;
				CODE_SIGN_STYLE = Automatic;
				DEVELOPMENT_TEAM = RZSQL3J9XN;
				INFOPLIST_FILE = ChallengeAccepted/Info.plist;
				LD_RUNPATH_SEARCH_PATHS = (
					"$(inherited)",
					"@executable_path/Frameworks",
				);
				PRODUCT_BUNDLE_IDENTIFIER = makeway.andinnovate;
				PRODUCT_NAME = "$(TARGET_NAME)";
				SWIFT_VERSION = 5.0;
				TARGETED_DEVICE_FAMILY = "1,2";
			};
			name = Debug;
		};
		83E59D5B260515E100A5ACAD /* Release */ = {
			isa = XCBuildConfiguration;
			baseConfigurationReference = 81A62B8C7444B02575FDE1ED /* Pods-ChallengeAccepted.release.xcconfig */;
			buildSettings = {
				ASSETCATALOG_COMPILER_APPICON_NAME = AppIcon;
				ASSETCATALOG_COMPILER_GLOBAL_ACCENT_COLOR_NAME = AccentColor;
				CODE_SIGN_STYLE = Automatic;
				DEVELOPMENT_TEAM = RZSQL3J9XN;
				INFOPLIST_FILE = ChallengeAccepted/Info.plist;
				LD_RUNPATH_SEARCH_PATHS = (
					"$(inherited)",
					"@executable_path/Frameworks",
				);
				PRODUCT_BUNDLE_IDENTIFIER = makeway.andinnovate;
				PRODUCT_NAME = "$(TARGET_NAME)";
				SWIFT_VERSION = 5.0;
				TARGETED_DEVICE_FAMILY = "1,2";
			};
			name = Release;
		};
		83E59D5D260515E100A5ACAD /* Debug */ = {
			isa = XCBuildConfiguration;
			baseConfigurationReference = BC9D38024F2BAA11EB6EEBB4 /* Pods-ChallengeAcceptedTests.debug.xcconfig */;
			buildSettings = {
				ALWAYS_EMBED_SWIFT_STANDARD_LIBRARIES = YES;
				BUNDLE_LOADER = "$(TEST_HOST)";
				CODE_SIGN_STYLE = Automatic;
				INFOPLIST_FILE = ChallengeAcceptedTests/Info.plist;
				IPHONEOS_DEPLOYMENT_TARGET = 14.4;
				LD_RUNPATH_SEARCH_PATHS = (
					"$(inherited)",
					"@executable_path/Frameworks",
					"@loader_path/Frameworks",
				);
				PRODUCT_BUNDLE_IDENTIFIER = bisonHack.ChallengeAcceptedTests;
				PRODUCT_NAME = "$(TARGET_NAME)";
				SWIFT_VERSION = 5.0;
				TARGETED_DEVICE_FAMILY = "1,2";
				TEST_HOST = "$(BUILT_PRODUCTS_DIR)/ChallengeAccepted.app/ChallengeAccepted";
			};
			name = Debug;
		};
		83E59D5E260515E100A5ACAD /* Release */ = {
			isa = XCBuildConfiguration;
			baseConfigurationReference = 164F7AD109B46B566BDA71FD /* Pods-ChallengeAcceptedTests.release.xcconfig */;
			buildSettings = {
				ALWAYS_EMBED_SWIFT_STANDARD_LIBRARIES = YES;
				BUNDLE_LOADER = "$(TEST_HOST)";
				CODE_SIGN_STYLE = Automatic;
				INFOPLIST_FILE = ChallengeAcceptedTests/Info.plist;
				IPHONEOS_DEPLOYMENT_TARGET = 14.4;
				LD_RUNPATH_SEARCH_PATHS = (
					"$(inherited)",
					"@executable_path/Frameworks",
					"@loader_path/Frameworks",
				);
				PRODUCT_BUNDLE_IDENTIFIER = bisonHack.ChallengeAcceptedTests;
				PRODUCT_NAME = "$(TARGET_NAME)";
				SWIFT_VERSION = 5.0;
				TARGETED_DEVICE_FAMILY = "1,2";
				TEST_HOST = "$(BUILT_PRODUCTS_DIR)/ChallengeAccepted.app/ChallengeAccepted";
			};
			name = Release;
		};
		83E59D60260515E100A5ACAD /* Debug */ = {
			isa = XCBuildConfiguration;
			baseConfigurationReference = C146E112B83C3A8DA8BC725D /* Pods-ChallengeAccepted-ChallengeAcceptedUITests.debug.xcconfig */;
			buildSettings = {
				ALWAYS_EMBED_SWIFT_STANDARD_LIBRARIES = YES;
				CODE_SIGN_STYLE = Automatic;
				INFOPLIST_FILE = ChallengeAcceptedUITests/Info.plist;
				LD_RUNPATH_SEARCH_PATHS = (
					"$(inherited)",
					"@executable_path/Frameworks",
					"@loader_path/Frameworks",
				);
				PRODUCT_BUNDLE_IDENTIFIER = bisonHack.ChallengeAcceptedUITests;
				PRODUCT_NAME = "$(TARGET_NAME)";
				SWIFT_VERSION = 5.0;
				TARGETED_DEVICE_FAMILY = "1,2";
				TEST_TARGET_NAME = ChallengeAccepted;
			};
			name = Debug;
		};
		83E59D61260515E100A5ACAD /* Release */ = {
			isa = XCBuildConfiguration;
			baseConfigurationReference = BAB3A94717C5CC980F6F4DF1 /* Pods-ChallengeAccepted-ChallengeAcceptedUITests.release.xcconfig */;
			buildSettings = {
				ALWAYS_EMBED_SWIFT_STANDARD_LIBRARIES = YES;
				CODE_SIGN_STYLE = Automatic;
				INFOPLIST_FILE = ChallengeAcceptedUITests/Info.plist;
				LD_RUNPATH_SEARCH_PATHS = (
					"$(inherited)",
					"@executable_path/Frameworks",
					"@loader_path/Frameworks",
				);
				PRODUCT_BUNDLE_IDENTIFIER = bisonHack.ChallengeAcceptedUITests;
				PRODUCT_NAME = "$(TARGET_NAME)";
				SWIFT_VERSION = 5.0;
				TARGETED_DEVICE_FAMILY = "1,2";
				TEST_TARGET_NAME = ChallengeAccepted;
			};
			name = Release;
		};
/* End XCBuildConfiguration section */

/* Begin XCConfigurationList section */
		83E59D2A260515DA00A5ACAD /* Build configuration list for PBXProject "ChallengeAccepted" */ = {
			isa = XCConfigurationList;
			buildConfigurations = (
				83E59D57260515E100A5ACAD /* Debug */,
				83E59D58260515E100A5ACAD /* Release */,
			);
			defaultConfigurationIsVisible = 0;
			defaultConfigurationName = Release;
		};
		83E59D59260515E100A5ACAD /* Build configuration list for PBXNativeTarget "ChallengeAccepted" */ = {
			isa = XCConfigurationList;
			buildConfigurations = (
				83E59D5A260515E100A5ACAD /* Debug */,
				83E59D5B260515E100A5ACAD /* Release */,
			);
			defaultConfigurationIsVisible = 0;
			defaultConfigurationName = Release;
		};
		83E59D5C260515E100A5ACAD /* Build configuration list for PBXNativeTarget "ChallengeAcceptedTests" */ = {
			isa = XCConfigurationList;
			buildConfigurations = (
				83E59D5D260515E100A5ACAD /* Debug */,
				83E59D5E260515E100A5ACAD /* Release */,
			);
			defaultConfigurationIsVisible = 0;
			defaultConfigurationName = Release;
		};
		83E59D5F260515E100A5ACAD /* Build configuration list for PBXNativeTarget "ChallengeAcceptedUITests" */ = {
			isa = XCConfigurationList;
			buildConfigurations = (
				83E59D60260515E100A5ACAD /* Debug */,
				83E59D61260515E100A5ACAD /* Release */,
			);
			defaultConfigurationIsVisible = 0;
			defaultConfigurationName = Release;
		};
/* End XCConfigurationList section */
	};
	rootObject = 83E59D27260515DA00A5ACAD /* Project object */;
}
